# THIS IS AN AUTOGENERATED FILE. DO NOT EDIT THIS FILE DIRECTLY.
# yarn lockfile v1


"@tsconfig/node22@^22.0.1":
  version "22.0.1"
  resolved "https://registry.yarnpkg.com/@tsconfig/node22/-/node22-22.0.1.tgz#27e3ee9b359e31e5b94690bf2bad5a923c1d57d0"
  integrity sha512-VkgOa3n6jvs1p+r3DiwBqeEwGAwEvnVCg/hIjiANl5IEcqP3G0u5m8cBJspe1t9qjZRlZ7WFgqq5bJrGdgAKMg==
